
Microsoft Visual Studio Solution File, Format Version 12.00
# Visual Studio 15
VisualStudioVersion = 15.0.27428.2005
MinimumVisualStudioVersion = 10.0.40219.1
Project("{FAE04EC0-301F-11D3-BF4B-00C04F79EFBC}") = "MaterialDesign2", "MaterialDesign2\MaterialDesign2.csproj", "{BB4AAD9D-1BFD-45A0-B515-D633ED26579F}"
EndProject
Global
	GlobalSection(SolutionConfigurationPlatforms) = preSolution
		Debug|Any CPU = Debug|Any CPU
		Release|Any CPU = Release|Any CPU
	EndGlobalSection
	GlobalSection(ProjectConfigurationPlatforms) = postSolution
		{BB4AAD9D-1BFD-45A0-B515-D633ED26579F}.Debug|Any CPU.ActiveCfg = Debug|Any CPU
		{BB4AAD9D-1BFD-45A0-B515-D633ED26579F}.Debug|Any CPU.Build.0 = Debug|Any CPU
		{BB4AAD9D-1BFD-45A0-B515-D633ED26579F}.Release|Any CPU.ActiveCfg = Release|Any CPU
		{BB4AAD9D-1BFD-45A0-B515-D633ED26579F}.Release|Any CPU.Build.0 = Release|Any CPU
	EndGlobalSection
	GlobalSection(SolutionProperties) = preSolution
		HideSolutionNode = FALSE
	EndGlobalSection
	GlobalSection(ExtensibilityGlobals) = postSolution
		SolutionGuid = {F46163E3-6ED1-4856-AB9B-DBE430FCA9E3}
	EndGlobalSection
EndGlobal
